// !$*UTF8*$!
{
	archiveVersion = 1;
	classes = {
	};
	objectVersion = 56;
	objects = {

/* Begin PBXBuildFile section */
		F5AF215F2AEC4ABA005D7B91 /* AppDelegate.swift in Sources */ = {isa = PBXBuildFile; fileRef = F5AF215E2AEC4ABA005D7B91 /* AppDelegate.swift */; };
		F5AF21682AEC4AC3005D7B91 /* Assets.xcassets in Resources */ = {isa = PBXBuildFile; fileRef = F5AF21672AEC4AC3005D7B91 /* Assets.xcassets */; };
		F5AF216B2AEC4AC3005D7B91 /* LaunchScreen.storyboard in Resources */ = {isa = PBXBuildFile; fileRef = F5AF21692AEC4AC3005D7B91 /* LaunchScreen.storyboard */; };
		F5AF21762AEC4AC3005D7B91 /* tmbdTests.swift in Sources */ = {isa = PBXBuildFile; fileRef = F5AF21752AEC4AC3005D7B91 /* tmbdTests.swift */; };
		F5AF21802AEC4AC3005D7B91 /* tmbdUITests.swift in Sources */ = {isa = PBXBuildFile; fileRef = F5AF217F2AEC4AC3005D7B91 /* tmbdUITests.swift */; };
		F5AF21822AEC4AC3005D7B91 /* tmbdUITestsLaunchTests.swift in Sources */ = {isa = PBXBuildFile; fileRef = F5AF21812AEC4AC3005D7B91 /* tmbdUITestsLaunchTests.swift */; };
		F5AF21902AEC7C0F005D7B91 /* RxCocoa in Frameworks */ = {isa = PBXBuildFile; productRef = F5AF218F2AEC7C0F005D7B91 /* RxCocoa */; };
		F5AF21922AEC7C0F005D7B91 /* RxRelay in Frameworks */ = {isa = PBXBuildFile; productRef = F5AF21912AEC7C0F005D7B91 /* RxRelay */; };
		F5AF21942AEC7C0F005D7B91 /* RxSwift in Frameworks */ = {isa = PBXBuildFile; productRef = F5AF21932AEC7C0F005D7B91 /* RxSwift */; };
		F5AF21972AEC7C32005D7B91 /* SkeletonView in Frameworks */ = {isa = PBXBuildFile; productRef = F5AF21962AEC7C32005D7B91 /* SkeletonView */; };
		F5AF219A2AEC7C69005D7B91 /* Kingfisher in Frameworks */ = {isa = PBXBuildFile; productRef = F5AF21992AEC7C69005D7B91 /* Kingfisher */; };
		F5AF21A12AEC7E9F005D7B91 /* Movie.swift in Sources */ = {isa = PBXBuildFile; fileRef = F5AF21A02AEC7E9F005D7B91 /* Movie.swift */; };
		F5AF21A42AECD800005D7B91 /* MovieList.swift in Sources */ = {isa = PBXBuildFile; fileRef = F5AF21A32AECD800005D7B91 /* MovieList.swift */; };
		F5AF21A92AECDB64005D7B91 /* MovieDto.swift in Sources */ = {isa = PBXBuildFile; fileRef = F5AF21A82AECDB64005D7B91 /* MovieDto.swift */; };
		F5AF21AB2AECDB71005D7B91 /* MovieListDto.swift in Sources */ = {isa = PBXBuildFile; fileRef = F5AF21AA2AECDB71005D7B91 /* MovieListDto.swift */; };
		F5AF21AD2AECDD31005D7B91 /* MovieListMapper.swift in Sources */ = {isa = PBXBuildFile; fileRef = F5AF21AC2AECDD31005D7B91 /* MovieListMapper.swift */; };
		F5AF21AF2AECDD3F005D7B91 /* MovieMapper.swift in Sources */ = {isa = PBXBuildFile; fileRef = F5AF21AE2AECDD3F005D7B91 /* MovieMapper.swift */; };
		F5AF21B12AECE06F005D7B91 /* MovieManager.swift in Sources */ = {isa = PBXBuildFile; fileRef = F5AF21B02AECE06F005D7B91 /* MovieManager.swift */; };
		F5AF21B32AECE1B4005D7B91 /* MovieProvider.swift in Sources */ = {isa = PBXBuildFile; fileRef = F5AF21B22AECE1B4005D7B91 /* MovieProvider.swift */; };
		F5AF21B62AECE24E005D7B91 /* Moya in Frameworks */ = {isa = PBXBuildFile; productRef = F5AF21B52AECE24E005D7B91 /* Moya */; };
		F5AF21B82AECE24E005D7B91 /* ReactiveMoya in Frameworks */ = {isa = PBXBuildFile; productRef = F5AF21B72AECE24E005D7B91 /* ReactiveMoya */; };
		F5AF21BA2AECE24E005D7B91 /* RxMoya in Frameworks */ = {isa = PBXBuildFile; productRef = F5AF21B92AECE24E005D7B91 /* RxMoya */; };
		F5AF21BE2AECE3B1005D7B91 /* HTTPClient.swift in Sources */ = {isa = PBXBuildFile; fileRef = F5AF21BD2AECE3B1005D7B91 /* HTTPClient.swift */; };
		F5AF21C02AECEA16005D7B91 /* Single+Codable.swift in Sources */ = {isa = PBXBuildFile; fileRef = F5AF21BF2AECEA16005D7B91 /* Single+Codable.swift */; };
		F5AF21C22AECEC06005D7B91 /* PopularMoviesViewController.swift in Sources */ = {isa = PBXBuildFile; fileRef = F5AF21C12AECEC06005D7B91 /* PopularMoviesViewController.swift */; };
		F5AF21C42AECEC1B005D7B91 /* Movies.storyboard in Resources */ = {isa = PBXBuildFile; fileRef = F5AF21C32AECEC1B005D7B91 /* Movies.storyboard */; };
		F5AF21C62AECED6A005D7B91 /* PopularMoviesViewModel.swift in Sources */ = {isa = PBXBuildFile; fileRef = F5AF21C52AECED6A005D7B91 /* PopularMoviesViewModel.swift */; };
		F5AF21C92AECEE27005D7B91 /* Resolver in Frameworks */ = {isa = PBXBuildFile; productRef = F5AF21C82AECEE27005D7B91 /* Resolver */; };
		F5AF21CB2AECEE27005D7B91 /* Resolver-Dynamic in Frameworks */ = {isa = PBXBuildFile; productRef = F5AF21CA2AECEE27005D7B91 /* Resolver-Dynamic */; };
		F5AF21CD2AECEE27005D7B91 /* Resolver-Static in Frameworks */ = {isa = PBXBuildFile; productRef = F5AF21CC2AECEE27005D7B91 /* Resolver-Static */; };
		F5AF21D02AECFA3F005D7B91 /* Subscribable.swift in Sources */ = {isa = PBXBuildFile; fileRef = F5AF21CF2AECFA3F005D7B91 /* Subscribable.swift */; };
		F5AF21D52AECFFA2005D7B91 /* MovieCell.swift in Sources */ = {isa = PBXBuildFile; fileRef = F5AF21D32AECFFA2005D7B91 /* MovieCell.swift */; };
		F5AF21D62AECFFA2005D7B91 /* MovieCell.xib in Resources */ = {isa = PBXBuildFile; fileRef = F5AF21D42AECFFA2005D7B91 /* MovieCell.xib */; };
		F5AF21D82AED0919005D7B91 /* Binding.swift in Sources */ = {isa = PBXBuildFile; fileRef = F5AF21D72AED0919005D7B91 /* Binding.swift */; };
		F5AF21DA2AED167B005D7B91 /* MovieCastsViewController.swift in Sources */ = {isa = PBXBuildFile; fileRef = F5AF21D92AED167B005D7B91 /* MovieCastsViewController.swift */; };
		F5AF21DD2AED18ED005D7B91 /* Navigator.swift in Sources */ = {isa = PBXBuildFile; fileRef = F5AF21DC2AED18ED005D7B91 /* Navigator.swift */; };
		F5AF21DF2AED1E75005D7B91 /* MovieCastsViewModel.swift in Sources */ = {isa = PBXBuildFile; fileRef = F5AF21DE2AED1E75005D7B91 /* MovieCastsViewModel.swift */; };
		F5AF21E12AED213C005D7B91 /* CastList.swift in Sources */ = {isa = PBXBuildFile; fileRef = F5AF21E02AED213C005D7B91 /* CastList.swift */; };
		F5AF21E32AED2145005D7B91 /* Cast.swift in Sources */ = {isa = PBXBuildFile; fileRef = F5AF21E22AED2145005D7B91 /* Cast.swift */; };
		F5AF21E52AED21BD005D7B91 /* CastDto.swift in Sources */ = {isa = PBXBuildFile; fileRef = F5AF21E42AED21BD005D7B91 /* CastDto.swift */; };
		F5AF21E72AED220B005D7B91 /* CastListDto.swift in Sources */ = {isa = PBXBuildFile; fileRef = F5AF21E62AED220B005D7B91 /* CastListDto.swift */; };
		F5AF21E92AED2236005D7B91 /* CastListMapper.swift in Sources */ = {isa = PBXBuildFile; fileRef = F5AF21E82AED2236005D7B91 /* CastListMapper.swift */; };
		F5AF21EB2AED22C1005D7B91 /* CastMapper.swift in Sources */ = {isa = PBXBuildFile; fileRef = F5AF21EA2AED22C1005D7B91 /* CastMapper.swift */; };
		F5AF21EE2AED2960005D7B91 /* CastCell.swift in Sources */ = {isa = PBXBuildFile; fileRef = F5AF21EC2AED2960005D7B91 /* CastCell.swift */; };
		F5AF21EF2AED2960005D7B91 /* CastCell.xib in Resources */ = {isa = PBXBuildFile; fileRef = F5AF21ED2AED2960005D7B91 /* CastCell.xib */; };
		F5AF21F22AED3BB5005D7B91 /* IQKeyboardManagerSwift in Frameworks */ = {isa = PBXBuildFile; productRef = F5AF21F12AED3BB5005D7B91 /* IQKeyboardManagerSwift */; };
/* End PBXBuildFile section */

/* Begin PBXContainerItemProxy section */
		F5AF21722AEC4AC3005D7B91 /* PBXContainerItemProxy */ = {
			isa = PBXContainerItemProxy;
			containerPortal = F5AF21532AEC4ABA005D7B91 /* Project object */;
			proxyType = 1;
			remoteGlobalIDString = F5AF215A2AEC4ABA005D7B91;
			remoteInfo = tmbd;
		};
		F5AF217C2AEC4AC3005D7B91 /* PBXContainerItemProxy */ = {
			isa = PBXContainerItemProxy;
			containerPortal = F5AF21532AEC4ABA005D7B91 /* Project object */;
			proxyType = 1;
			remoteGlobalIDString = F5AF215A2AEC4ABA005D7B91;
			remoteInfo = tmbd;
		};
/* End PBXContainerItemProxy section */

/* Begin PBXFileReference section */
		F5AF215B2AEC4ABA005D7B91 /* tmbd.app */ = {isa = PBXFileReference; explicitFileType = wrapper.application; includeInIndex = 0; path = tmbd.app; sourceTree = BUILT_PRODUCTS_DIR; };
		F5AF215E2AEC4ABA005D7B91 /* AppDelegate.swift */ = {isa = PBXFileReference; lastKnownFileType = sourcecode.swift; path = AppDelegate.swift; sourceTree = "<group>"; };
		F5AF21672AEC4AC3005D7B91 /* Assets.xcassets */ = {isa = PBXFileReference; lastKnownFileType = folder.assetcatalog; path = Assets.xcassets; sourceTree = "<group>"; };
		F5AF216A2AEC4AC3005D7B91 /* Base */ = {isa = PBXFileReference; lastKnownFileType = file.storyboard; name = Base; path = Base.lproj/LaunchScreen.storyboard; sourceTree = "<group>"; };
		F5AF216C2AEC4AC3005D7B91 /* Info.plist */ = {isa = PBXFileReference; lastKnownFileType = text.plist.xml; path = Info.plist; sourceTree = "<group>"; };
		F5AF21712AEC4AC3005D7B91 /* tmbdTests.xctest */ = {isa = PBXFileReference; explicitFileType = wrapper.cfbundle; includeInIndex = 0; path = tmbdTests.xctest; sourceTree = BUILT_PRODUCTS_DIR; };
		F5AF21752AEC4AC3005D7B91 /* tmbdTests.swift */ = {isa = PBXFileReference; lastKnownFileType = sourcecode.swift; path = tmbdTests.swift; sourceTree = "<group>"; };
		F5AF217B2AEC4AC3005D7B91 /* tmbdUITests.xctest */ = {isa = PBXFileReference; explicitFileType = wrapper.cfbundle; includeInIndex = 0; path = tmbdUITests.xctest; sourceTree = BUILT_PRODUCTS_DIR; };
		F5AF217F2AEC4AC3005D7B91 /* tmbdUITests.swift */ = {isa = PBXFileReference; lastKnownFileType = sourcecode.swift; path = tmbdUITests.swift; sourceTree = "<group>"; };
		F5AF21812AEC4AC3005D7B91 /* tmbdUITestsLaunchTests.swift */ = {isa = PBXFileReference; lastKnownFileType = sourcecode.swift; path = tmbdUITestsLaunchTests.swift; sourceTree = "<group>"; };
		F5AF21A02AEC7E9F005D7B91 /* Movie.swift */ = {isa = PBXFileReference; lastKnownFileType = sourcecode.swift; path = Movie.swift; sourceTree = "<group>"; };
		F5AF21A32AECD800005D7B91 /* MovieList.swift */ = {isa = PBXFileReference; lastKnownFileType = sourcecode.swift; path = MovieList.swift; sourceTree = "<group>"; };
		F5AF21A82AECDB64005D7B91 /* MovieDto.swift */ = {isa = PBXFileReference; lastKnownFileType = sourcecode.swift; path = MovieDto.swift; sourceTree = "<group>"; };
		F5AF21AA2AECDB71005D7B91 /* MovieListDto.swift */ = {isa = PBXFileReference; lastKnownFileType = sourcecode.swift; path = MovieListDto.swift; sourceTree = "<group>"; };
		F5AF21AC2AECDD31005D7B91 /* MovieListMapper.swift */ = {isa = PBXFileReference; lastKnownFileType = sourcecode.swift; path = MovieListMapper.swift; sourceTree = "<group>"; };
		F5AF21AE2AECDD3F005D7B91 /* MovieMapper.swift */ = {isa = PBXFileReference; lastKnownFileType = sourcecode.swift; path = MovieMapper.swift; sourceTree = "<group>"; };
		F5AF21B02AECE06F005D7B91 /* MovieManager.swift */ = {isa = PBXFileReference; lastKnownFileType = sourcecode.swift; path = MovieManager.swift; sourceTree = "<group>"; };
		F5AF21B22AECE1B4005D7B91 /* MovieProvider.swift */ = {isa = PBXFileReference; lastKnownFileType = sourcecode.swift; path = MovieProvider.swift; sourceTree = "<group>"; };
		F5AF21BD2AECE3B1005D7B91 /* HTTPClient.swift */ = {isa = PBXFileReference; lastKnownFileType = sourcecode.swift; path = HTTPClient.swift; sourceTree = "<group>"; };
		F5AF21BF2AECEA16005D7B91 /* Single+Codable.swift */ = {isa = PBXFileReference; lastKnownFileType = sourcecode.swift; path = "Single+Codable.swift"; sourceTree = "<group>"; };
		F5AF21C12AECEC06005D7B91 /* PopularMoviesViewController.swift */ = {isa = PBXFileReference; lastKnownFileType = sourcecode.swift; path = PopularMoviesViewController.swift; sourceTree = "<group>"; };
		F5AF21C32AECEC1B005D7B91 /* Movies.storyboard */ = {isa = PBXFileReference; lastKnownFileType = file.storyboard; path = Movies.storyboard; sourceTree = "<group>"; };
		F5AF21C52AECED6A005D7B91 /* PopularMoviesViewModel.swift */ = {isa = PBXFileReference; lastKnownFileType = sourcecode.swift; path = PopularMoviesViewModel.swift; sourceTree = "<group>"; };
		F5AF21CF2AECFA3F005D7B91 /* Subscribable.swift */ = {isa = PBXFileReference; lastKnownFileType = sourcecode.swift; path = Subscribable.swift; sourceTree = "<group>"; };
		F5AF21D32AECFFA2005D7B91 /* MovieCell.swift */ = {isa = PBXFileReference; lastKnownFileType = sourcecode.swift; path = MovieCell.swift; sourceTree = "<group>"; };
		F5AF21D42AECFFA2005D7B91 /* MovieCell.xib */ = {isa = PBXFileReference; lastKnownFileType = file.xib; path = MovieCell.xib; sourceTree = "<group>"; };
		F5AF21D72AED0919005D7B91 /* Binding.swift */ = {isa = PBXFileReference; lastKnownFileType = sourcecode.swift; path = Binding.swift; sourceTree = "<group>"; };
		F5AF21D92AED167B005D7B91 /* MovieCastsViewController.swift */ = {isa = PBXFileReference; lastKnownFileType = sourcecode.swift; path = MovieCastsViewController.swift; sourceTree = "<group>"; };
		F5AF21DC2AED18ED005D7B91 /* Navigator.swift */ = {isa = PBXFileReference; lastKnownFileType = sourcecode.swift; path = Navigator.swift; sourceTree = "<group>"; };
		F5AF21DE2AED1E75005D7B91 /* MovieCastsViewModel.swift */ = {isa = PBXFileReference; lastKnownFileType = sourcecode.swift; path = MovieCastsViewModel.swift; sourceTree = "<group>"; };
		F5AF21E02AED213C005D7B91 /* CastList.swift */ = {isa = PBXFileReference; lastKnownFileType = sourcecode.swift; path = CastList.swift; sourceTree = "<group>"; };
		F5AF21E22AED2145005D7B91 /* Cast.swift */ = {isa = PBXFileReference; lastKnownFileType = sourcecode.swift; path = Cast.swift; sourceTree = "<group>"; };
		F5AF21E42AED21BD005D7B91 /* CastDto.swift */ = {isa = PBXFileReference; lastKnownFileType = sourcecode.swift; path = CastDto.swift; sourceTree = "<group>"; };
		F5AF21E62AED220B005D7B91 /* CastListDto.swift */ = {isa = PBXFileReference; lastKnownFileType = sourcecode.swift; path = CastListDto.swift; sourceTree = "<group>"; };
		F5AF21E82AED2236005D7B91 /* CastListMapper.swift */ = {isa = PBXFileReference; lastKnownFileType = sourcecode.swift; path = CastListMapper.swift; sourceTree = "<group>"; };
		F5AF21EA2AED22C1005D7B91 /* CastMapper.swift */ = {isa = PBXFileReference; lastKnownFileType = sourcecode.swift; path = CastMapper.swift; sourceTree = "<group>"; };
		F5AF21EC2AED2960005D7B91 /* CastCell.swift */ = {isa = PBXFileReference; lastKnownFileType = sourcecode.swift; path = CastCell.swift; sourceTree = "<group>"; };
		F5AF21ED2AED2960005D7B91 /* CastCell.xib */ = {isa = PBXFileReference; lastKnownFileType = file.xib; path = CastCell.xib; sourceTree = "<group>"; };
/* End PBXFileReference section */

/* Begin PBXFrameworksBuildPhase section */
		F5AF21582AEC4ABA005D7B91 /* Frameworks */ = {
			isa = PBXFrameworksBuildPhase;
			buildActionMask = 2147483647;
			files = (
				F5AF21CB2AECEE27005D7B91 /* Resolver-Dynamic in Frameworks */,
				F5AF21C92AECEE27005D7B91 /* Resolver in Frameworks */,
				F5AF21B82AECE24E005D7B91 /* ReactiveMoya in Frameworks */,
				F5AF21972AEC7C32005D7B91 /* SkeletonView in Frameworks */,
				F5AF21942AEC7C0F005D7B91 /* RxSwift in Frameworks */,
				F5AF21F22AED3BB5005D7B91 /* IQKeyboardManagerSwift in Frameworks */,
				F5AF21B62AECE24E005D7B91 /* Moya in Frameworks */,
				F5AF21922AEC7C0F005D7B91 /* RxRelay in Frameworks */,
				F5AF21CD2AECEE27005D7B91 /* Resolver-Static in Frameworks */,
				F5AF21902AEC7C0F005D7B91 /* RxCocoa in Frameworks */,
				F5AF21BA2AECE24E005D7B91 /* RxMoya in Frameworks */,
				F5AF219A2AEC7C69005D7B91 /* Kingfisher in Frameworks */,
			);
			runOnlyForDeploymentPostprocessing = 0;
		};
		F5AF216E2AEC4AC3005D7B91 /* Frameworks */ = {
			isa = PBXFrameworksBuildPhase;
			buildActionMask = 2147483647;
			files = (
			);
			runOnlyForDeploymentPostprocessing = 0;
		};
		F5AF21782AEC4AC3005D7B91 /* Frameworks */ = {
			isa = PBXFrameworksBuildPhase;
			buildActionMask = 2147483647;
			files = (
			);
			runOnlyForDeploymentPostprocessing = 0;
		};
/* End PBXFrameworksBuildPhase section */

/* Begin PBXGroup section */
		F5AF21522AEC4ABA005D7B91 = {
			isa = PBXGroup;
			children = (
				F5AF215D2AEC4ABA005D7B91 /* tmbd */,
				F5AF21742AEC4AC3005D7B91 /* tmbdTests */,
				F5AF217E2AEC4AC3005D7B91 /* tmbdUITests */,
				F5AF215C2AEC4ABA005D7B91 /* Products */,
			);
			sourceTree = "<group>";
		};
		F5AF215C2AEC4ABA005D7B91 /* Products */ = {
			isa = PBXGroup;
			children = (
				F5AF215B2AEC4ABA005D7B91 /* tmbd.app */,
				F5AF21712AEC4AC3005D7B91 /* tmbdTests.xctest */,
				F5AF217B2AEC4AC3005D7B91 /* tmbdUITests.xctest */,
			);
			name = Products;
			sourceTree = "<group>";
		};
		F5AF215D2AEC4ABA005D7B91 /* tmbd */ = {
			isa = PBXGroup;
			children = (
				F5AF219E2AEC7E15005D7B91 /* UI */,
				F5AF21A22AEC7EF3005D7B91 /* Data */,
				F5AF219D2AEC7E08005D7B91 /* Manager */,
				F5AF219B2AEC7DCD005D7B91 /* Domain */,
				F5AF21CE2AECFA26005D7B91 /* Utils */,
				F5AF215E2AEC4ABA005D7B91 /* AppDelegate.swift */,
				F5AF21672AEC4AC3005D7B91 /* Assets.xcassets */,
				F5AF21692AEC4AC3005D7B91 /* LaunchScreen.storyboard */,
				F5AF216C2AEC4AC3005D7B91 /* Info.plist */,
			);
			path = tmbd;
			sourceTree = "<group>";
		};
		F5AF21742AEC4AC3005D7B91 /* tmbdTests */ = {
			isa = PBXGroup;
			children = (
				F5AF21752AEC4AC3005D7B91 /* tmbdTests.swift */,
			);
			path = tmbdTests;
			sourceTree = "<group>";
		};
		F5AF217E2AEC4AC3005D7B91 /* tmbdUITests */ = {
			isa = PBXGroup;
			children = (
				F5AF217F2AEC4AC3005D7B91 /* tmbdUITests.swift */,
				F5AF21812AEC4AC3005D7B91 /* tmbdUITestsLaunchTests.swift */,
			);
			path = tmbdUITests;
			sourceTree = "<group>";
		};
		F5AF219B2AEC7DCD005D7B91 /* Domain */ = {
			isa = PBXGroup;
			children = (
				F5AF219F2AEC7E91005D7B91 /* Model */,
			);
			path = Domain;
			sourceTree = "<group>";
		};
		F5AF219C2AEC7DE4005D7B91 /* Provider */ = {
			isa = PBXGroup;
			children = (
				F5AF21A52AECDB22005D7B91 /* movieApi */,
				F5AF21BB2AECE341005D7B91 /* datasource */,
			);
			path = Provider;
			sourceTree = "<group>";
		};
		F5AF219D2AEC7E08005D7B91 /* Manager */ = {
			isa = PBXGroup;
			children = (
				F5AF21B02AECE06F005D7B91 /* MovieManager.swift */,
			);
			path = Manager;
			sourceTree = "<group>";
		};
		F5AF219E2AEC7E15005D7B91 /* UI */ = {
			isa = PBXGroup;
			children = (
				F5AF21DB2AED18DB005D7B91 /* Navigator */,
				F5AF21D12AECFF6B005D7B91 /* Movies */,
			);
			path = UI;
			sourceTree = "<group>";
		};
		F5AF219F2AEC7E91005D7B91 /* Model */ = {
			isa = PBXGroup;
			children = (
				F5AF21A02AEC7E9F005D7B91 /* Movie.swift */,
				F5AF21A32AECD800005D7B91 /* MovieList.swift */,
				F5AF21E22AED2145005D7B91 /* Cast.swift */,
				F5AF21E02AED213C005D7B91 /* CastList.swift */,
			);
			path = Model;
			sourceTree = "<group>";
		};
		F5AF21A22AEC7EF3005D7B91 /* Data */ = {
			isa = PBXGroup;
			children = (
				F5AF219C2AEC7DE4005D7B91 /* Provider */,
			);
			path = Data;
			sourceTree = "<group>";
		};
		F5AF21A52AECDB22005D7B91 /* movieApi */ = {
			isa = PBXGroup;
			children = (
				F5AF21B22AECE1B4005D7B91 /* MovieProvider.swift */,
				F5AF21A62AECDB2B005D7B91 /* dto */,
				F5AF21A72AECDB4C005D7B91 /* mapper */,
			);
			path = movieApi;
			sourceTree = "<group>";
		};
		F5AF21A62AECDB2B005D7B91 /* dto */ = {
			isa = PBXGroup;
			children = (
				F5AF21A82AECDB64005D7B91 /* MovieDto.swift */,
				F5AF21AA2AECDB71005D7B91 /* MovieListDto.swift */,
				F5AF21E42AED21BD005D7B91 /* CastDto.swift */,
				F5AF21E62AED220B005D7B91 /* CastListDto.swift */,
			);
			path = dto;
			sourceTree = "<group>";
		};
		F5AF21A72AECDB4C005D7B91 /* mapper */ = {
			isa = PBXGroup;
			children = (
				F5AF21AE2AECDD3F005D7B91 /* MovieMapper.swift */,
				F5AF21AC2AECDD31005D7B91 /* MovieListMapper.swift */,
				F5AF21EA2AED22C1005D7B91 /* CastMapper.swift */,
				F5AF21E82AED2236005D7B91 /* CastListMapper.swift */,
			);
			path = mapper;
			sourceTree = "<group>";
		};
		F5AF21BB2AECE341005D7B91 /* datasource */ = {
			isa = PBXGroup;
			children = (
				F5AF21BC2AECE3A0005D7B91 /* http */,
			);
			path = datasource;
			sourceTree = "<group>";
		};
		F5AF21BC2AECE3A0005D7B91 /* http */ = {
			isa = PBXGroup;
			children = (
				F5AF21BD2AECE3B1005D7B91 /* HTTPClient.swift */,
				F5AF21BF2AECEA16005D7B91 /* Single+Codable.swift */,
			);
			path = http;
			sourceTree = "<group>";
		};
		F5AF21CE2AECFA26005D7B91 /* Utils */ = {
			isa = PBXGroup;
			children = (
				F5AF21CF2AECFA3F005D7B91 /* Subscribable.swift */,
				F5AF21D72AED0919005D7B91 /* Binding.swift */,
			);
			path = Utils;
			sourceTree = "<group>";
		};
		F5AF21D12AECFF6B005D7B91 /* Movies */ = {
			isa = PBXGroup;
			children = (
				F5AF21C12AECEC06005D7B91 /* PopularMoviesViewController.swift */,
				F5AF21C52AECED6A005D7B91 /* PopularMoviesViewModel.swift */,
				F5AF21D92AED167B005D7B91 /* MovieCastsViewController.swift */,
				F5AF21DE2AED1E75005D7B91 /* MovieCastsViewModel.swift */,
				F5AF21C32AECEC1B005D7B91 /* Movies.storyboard */,
				F5AF21D22AECFF76005D7B91 /* Cells */,
			);
			path = Movies;
			sourceTree = "<group>";
		};
		F5AF21D22AECFF76005D7B91 /* Cells */ = {
			isa = PBXGroup;
			children = (
				F5AF21D32AECFFA2005D7B91 /* MovieCell.swift */,
				F5AF21D42AECFFA2005D7B91 /* MovieCell.xib */,
				F5AF21EC2AED2960005D7B91 /* CastCell.swift */,
				F5AF21ED2AED2960005D7B91 /* CastCell.xib */,
			);
			path = Cells;
			sourceTree = "<group>";
		};
		F5AF21DB2AED18DB005D7B91 /* Navigator */ = {
			isa = PBXGroup;
			children = (
				F5AF21DC2AED18ED005D7B91 /* Navigator.swift */,
			);
			path = Navigator;
			sourceTree = "<group>";
		};
/* End PBXGroup section */

/* Begin PBXNativeTarget section */
		F5AF215A2AEC4ABA005D7B91 /* tmbd */ = {
			isa = PBXNativeTarget;
			buildConfigurationList = F5AF21852AEC4AC3005D7B91 /* Build configuration list for PBXNativeTarget "tmbd" */;
			buildPhases = (
				F5AF21572AEC4ABA005D7B91 /* Sources */,
				F5AF21582AEC4ABA005D7B91 /* Frameworks */,
				F5AF21592AEC4ABA005D7B91 /* Resources */,
			);
			buildRules = (
			);
			dependencies = (
			);
			name = tmbd;
			packageProductDependencies = (
				F5AF218F2AEC7C0F005D7B91 /* RxCocoa */,
				F5AF21912AEC7C0F005D7B91 /* RxRelay */,
				F5AF21932AEC7C0F005D7B91 /* RxSwift */,
				F5AF21962AEC7C32005D7B91 /* SkeletonView */,
				F5AF21992AEC7C69005D7B91 /* Kingfisher */,
				F5AF21B52AECE24E005D7B91 /* Moya */,
				F5AF21B72AECE24E005D7B91 /* ReactiveMoya */,
				F5AF21B92AECE24E005D7B91 /* RxMoya */,
				F5AF21C82AECEE27005D7B91 /* Resolver */,
				F5AF21CA2AECEE27005D7B91 /* Resolver-Dynamic */,
				F5AF21CC2AECEE27005D7B91 /* Resolver-Static */,
				F5AF21F12AED3BB5005D7B91 /* IQKeyboardManagerSwift */,
			);
			productName = tmbd;
			productReference = F5AF215B2AEC4ABA005D7B91 /* tmbd.app */;
			productType = "com.apple.product-type.application";
		};
		F5AF21702AEC4AC3005D7B91 /* tmbdTests */ = {
			isa = PBXNativeTarget;
			buildConfigurationList = F5AF21882AEC4AC3005D7B91 /* Build configuration list for PBXNativeTarget "tmbdTests" */;
			buildPhases = (
				F5AF216D2AEC4AC3005D7B91 /* Sources */,
				F5AF216E2AEC4AC3005D7B91 /* Frameworks */,
				F5AF216F2AEC4AC3005D7B91 /* Resources */,
			);
			buildRules = (
			);
			dependencies = (
				F5AF21732AEC4AC3005D7B91 /* PBXTargetDependency */,
			);
			name = tmbdTests;
			productName = tmbdTests;
			productReference = F5AF21712AEC4AC3005D7B91 /* tmbdTests.xctest */;
			productType = "com.apple.product-type.bundle.unit-test";
		};
		F5AF217A2AEC4AC3005D7B91 /* tmbdUITests */ = {
			isa = PBXNativeTarget;
			buildConfigurationList = F5AF218B2AEC4AC3005D7B91 /* Build configuration list for PBXNativeTarget "tmbdUITests" */;
			buildPhases = (
				F5AF21772AEC4AC3005D7B91 /* Sources */,
				F5AF21782AEC4AC3005D7B91 /* Frameworks */,
				F5AF21792AEC4AC3005D7B91 /* Resources */,
			);
			buildRules = (
			);
			dependencies = (
				F5AF217D2AEC4AC3005D7B91 /* PBXTargetDependency */,
			);
			name = tmbdUITests;
			productName = tmbdUITests;
			productReference = F5AF217B2AEC4AC3005D7B91 /* tmbdUITests.xctest */;
			productType = "com.apple.product-type.bundle.ui-testing";
		};
/* End PBXNativeTarget section */

/* Begin PBXProject section */
		F5AF21532AEC4ABA005D7B91 /* Project object */ = {
			isa = PBXProject;
			attributes = {
				BuildIndependentTargetsInParallel = 1;
				LastSwiftUpdateCheck = 1500;
				LastUpgradeCheck = 1500;
				TargetAttributes = {
					F5AF215A2AEC4ABA005D7B91 = {
						CreatedOnToolsVersion = 15.0.1;
					};
					F5AF21702AEC4AC3005D7B91 = {
						CreatedOnToolsVersion = 15.0.1;
						TestTargetID = F5AF215A2AEC4ABA005D7B91;
					};
					F5AF217A2AEC4AC3005D7B91 = {
						CreatedOnToolsVersion = 15.0.1;
						TestTargetID = F5AF215A2AEC4ABA005D7B91;
					};
				};
			};
			buildConfigurationList = F5AF21562AEC4ABA005D7B91 /* Build configuration list for PBXProject "tmbd" */;
			compatibilityVersion = "Xcode 14.0";
			developmentRegion = en;
			hasScannedForEncodings = 0;
			knownRegions = (
				en,
				Base,
			);
			mainGroup = F5AF21522AEC4ABA005D7B91;
			packageReferences = (
				F5AF218E2AEC7C0F005D7B91 /* XCRemoteSwiftPackageReference "RxSwift" */,
				F5AF21952AEC7C32005D7B91 /* XCRemoteSwiftPackageReference "SkeletonView" */,
				F5AF21982AEC7C69005D7B91 /* XCRemoteSwiftPackageReference "Kingfisher" */,
				F5AF21B42AECE24E005D7B91 /* XCRemoteSwiftPackageReference "Moya" */,
				F5AF21C72AECEE27005D7B91 /* XCRemoteSwiftPackageReference "Resolver" */,
				F5AF21F02AED3BB5005D7B91 /* XCRemoteSwiftPackageReference "IQKeyboardManager" */,
			);
			productRefGroup = F5AF215C2AEC4ABA005D7B91 /* Products */;
			projectDirPath = "";
			projectRoot = "";
			targets = (
				F5AF215A2AEC4ABA005D7B91 /* tmbd */,
				F5AF21702AEC4AC3005D7B91 /* tmbdTests */,
				F5AF217A2AEC4AC3005D7B91 /* tmbdUITests */,
			);
		};
/* End PBXProject section */

/* Begin PBXResourcesBuildPhase section */
		F5AF21592AEC4ABA005D7B91 /* Resources */ = {
			isa = PBXResourcesBuildPhase;
			buildActionMask = 2147483647;
			files = (
				F5AF216B2AEC4AC3005D7B91 /* LaunchScreen.storyboard in Resources */,
				F5AF21EF2AED2960005D7B91 /* CastCell.xib in Resources */,
				F5AF21C42AECEC1B005D7B91 /* Movies.storyboard in Resources */,
				F5AF21D62AECFFA2005D7B91 /* MovieCell.xib in Resources */,
				F5AF21682AEC4AC3005D7B91 /* Assets.xcassets in Resources */,
			);
			runOnlyForDeploymentPostprocessing = 0;
		};
		F5AF216F2AEC4AC3005D7B91 /* Resources */ = {
			isa = PBXResourcesBuildPhase;
			buildActionMask = 2147483647;
			files = (
			);
			runOnlyForDeploymentPostprocessing = 0;
		};
		F5AF21792AEC4AC3005D7B91 /* Resources */ = {
			isa = PBXResourcesBuildPhase;
			buildActionMask = 2147483647;
			files = (
			);
			runOnlyForDeploymentPostprocessing = 0;
		};
/* End PBXResourcesBuildPhase section */

/* Begin PBXSourcesBuildPhase section */
		F5AF21572AEC4ABA005D7B91 /* Sources */ = {
			isa = PBXSourcesBuildPhase;
			buildActionMask = 2147483647;
			files = (
				F5AF21EE2AED2960005D7B91 /* CastCell.swift in Sources */,
				F5AF21B12AECE06F005D7B91 /* MovieManager.swift in Sources */,
				F5AF21DF2AED1E75005D7B91 /* MovieCastsViewModel.swift in Sources */,
				F5AF21A92AECDB64005D7B91 /* MovieDto.swift in Sources */,
				F5AF21E92AED2236005D7B91 /* CastListMapper.swift in Sources */,
				F5AF21C02AECEA16005D7B91 /* Single+Codable.swift in Sources */,
				F5AF21D82AED0919005D7B91 /* Binding.swift in Sources */,
				F5AF21AD2AECDD31005D7B91 /* MovieListMapper.swift in Sources */,
				F5AF21AB2AECDB71005D7B91 /* MovieListDto.swift in Sources */,
				F5AF21DA2AED167B005D7B91 /* MovieCastsViewController.swift in Sources */,
				F5AF21C62AECED6A005D7B91 /* PopularMoviesViewModel.swift in Sources */,
				F5AF21A42AECD800005D7B91 /* MovieList.swift in Sources */,
				F5AF21AF2AECDD3F005D7B91 /* MovieMapper.swift in Sources */,
				F5AF21D52AECFFA2005D7B91 /* MovieCell.swift in Sources */,
				F5AF21EB2AED22C1005D7B91 /* CastMapper.swift in Sources */,
				F5AF21E72AED220B005D7B91 /* CastListDto.swift in Sources */,
				F5AF21DD2AED18ED005D7B91 /* Navigator.swift in Sources */,
				F5AF21C22AECEC06005D7B91 /* PopularMoviesViewController.swift in Sources */,
				F5AF21BE2AECE3B1005D7B91 /* HTTPClient.swift in Sources */,
				F5AF21D02AECFA3F005D7B91 /* Subscribable.swift in Sources */,
				F5AF21E32AED2145005D7B91 /* Cast.swift in Sources */,
				F5AF21E12AED213C005D7B91 /* CastList.swift in Sources */,
				F5AF21E52AED21BD005D7B91 /* CastDto.swift in Sources */,
				F5AF21B32AECE1B4005D7B91 /* MovieProvider.swift in Sources */,
				F5AF21A12AEC7E9F005D7B91 /* Movie.swift in Sources */,
				F5AF215F2AEC4ABA005D7B91 /* AppDelegate.swift in Sources */,
			);
			runOnlyForDeploymentPostprocessing = 0;
		};
		F5AF216D2AEC4AC3005D7B91 /* Sources */ = {
			isa = PBXSourcesBuildPhase;
			buildActionMask = 2147483647;
			files = (
				F5AF21762AEC4AC3005D7B91 /* tmbdTests.swift in Sources */,
			);
			runOnlyForDeploymentPostprocessing = 0;
		};
		F5AF21772AEC4AC3005D7B91 /* Sources */ = {
			isa = PBXSourcesBuildPhase;
			buildActionMask = 2147483647;
			files = (
				F5AF21802AEC4AC3005D7B91 /* tmbdUITests.swift in Sources */,
				F5AF21822AEC4AC3005D7B91 /* tmbdUITestsLaunchTests.swift in Sources */,
			);
			runOnlyForDeploymentPostprocessing = 0;
		};
/* End PBXSourcesBuildPhase section */

/* Begin PBXTargetDependency section */
		F5AF21732AEC4AC3005D7B91 /* PBXTargetDependency */ = {
			isa = PBXTargetDependency;
			target = F5AF215A2AEC4ABA005D7B91 /* tmbd */;
			targetProxy = F5AF21722AEC4AC3005D7B91 /* PBXContainerItemProxy */;
		};
		F5AF217D2AEC4AC3005D7B91 /* PBXTargetDependency */ = {
			isa = PBXTargetDependency;
			target = F5AF215A2AEC4ABA005D7B91 /* tmbd */;
			targetProxy = F5AF217C2AEC4AC3005D7B91 /* PBXContainerItemProxy */;
		};
/* End PBXTargetDependency section */

/* Begin PBXVariantGroup section */
		F5AF21692AEC4AC3005D7B91 /* LaunchScreen.storyboard */ = {
			isa = PBXVariantGroup;
			children = (
				F5AF216A2AEC4AC3005D7B91 /* Base */,
			);
			name = LaunchScreen.storyboard;
			sourceTree = "<group>";
		};
/* End PBXVariantGroup section */

/* Begin XCBuildConfiguration section */
		F5AF21832AEC4AC3005D7B91 /* Debug */ = {
			isa = XCBuildConfiguration;
			buildSettings = {
				ALWAYS_SEARCH_USER_PATHS = NO;
				ASSETCATALOG_COMPILER_GENERATE_SWIFT_ASSET_SYMBOL_EXTENSIONS = YES;
				CLANG_ANALYZER_NONNULL = YES;
				CLANG_ANALYZER_NUMBER_OBJECT_CONVERSION = YES_AGGRESSIVE;
				CLANG_CXX_LANGUAGE_STANDARD = "gnu++20";
				CLANG_ENABLE_MODULES = YES;
				CLANG_ENABLE_OBJC_ARC = YES;
				CLANG_ENABLE_OBJC_WEAK = YES;
				CLANG_WARN_BLOCK_CAPTURE_AUTORELEASING = YES;
				CLANG_WARN_BOOL_CONVERSION = YES;
				CLANG_WARN_COMMA = YES;
				CLANG_WARN_CONSTANT_CONVERSION = YES;
				CLANG_WARN_DEPRECATED_OBJC_IMPLEMENTATIONS = YES;
				CLANG_WARN_DIRECT_OBJC_ISA_USAGE = YES_ERROR;
				CLANG_WARN_DOCUMENTATION_COMMENTS = YES;
				CLANG_WARN_EMPTY_BODY = YES;
				CLANG_WARN_ENUM_CONVERSION = YES;
				CLANG_WARN_INFINITE_RECURSION = YES;
				CLANG_WARN_INT_CONVERSION = YES;
				CLANG_WARN_NON_LITERAL_NULL_CONVERSION = YES;
				CLANG_WARN_OBJC_IMPLICIT_RETAIN_SELF = YES;
				CLANG_WARN_OBJC_LITERAL_CONVERSION = YES;
				CLANG_WARN_OBJC_ROOT_CLASS = YES_ERROR;
				CLANG_WARN_QUOTED_INCLUDE_IN_FRAMEWORK_HEADER = YES;
				CLANG_WARN_RANGE_LOOP_ANALYSIS = YES;
				CLANG_WARN_STRICT_PROTOTYPES = YES;
				CLANG_WARN_SUSPICIOUS_MOVE = YES;
				CLANG_WARN_UNGUARDED_AVAILABILITY = YES_AGGRESSIVE;
				CLANG_WARN_UNREACHABLE_CODE = YES;
				CLANG_WARN__DUPLICATE_METHOD_MATCH = YES;
				COPY_PHASE_STRIP = NO;
				DEBUG_INFORMATION_FORMAT = dwarf;
				ENABLE_STRICT_OBJC_MSGSEND = YES;
				ENABLE_TESTABILITY = YES;
				ENABLE_USER_SCRIPT_SANDBOXING = YES;
				GCC_C_LANGUAGE_STANDARD = gnu17;
				GCC_DYNAMIC_NO_PIC = NO;
				GCC_NO_COMMON_BLOCKS = YES;
				GCC_OPTIMIZATION_LEVEL = 0;
				GCC_PREPROCESSOR_DEFINITIONS = (
					"DEBUG=1",
					"$(inherited)",
				);
				GCC_WARN_64_TO_32_BIT_CONVERSION = YES;
				GCC_WARN_ABOUT_RETURN_TYPE = YES_ERROR;
				GCC_WARN_UNDECLARED_SELECTOR = YES;
				GCC_WARN_UNINITIALIZED_AUTOS = YES_AGGRESSIVE;
				GCC_WARN_UNUSED_FUNCTION = YES;
				GCC_WARN_UNUSED_VARIABLE = YES;
				IPHONEOS_DEPLOYMENT_TARGET = 17.0;
				LOCALIZATION_PREFERS_STRING_CATALOGS = YES;
				MTL_ENABLE_DEBUG_INFO = INCLUDE_SOURCE;
				MTL_FAST_MATH = YES;
				ONLY_ACTIVE_ARCH = YES;
				SDKROOT = iphoneos;
				SWIFT_ACTIVE_COMPILATION_CONDITIONS = "DEBUG $(inherited)";
				SWIFT_OPTIMIZATION_LEVEL = "-Onone";
			};
			name = Debug;
		};
		F5AF21842AEC4AC3005D7B91 /* Release */ = {
			isa = XCBuildConfiguration;
			buildSettings = {
				ALWAYS_SEARCH_USER_PATHS = NO;
				ASSETCATALOG_COMPILER_GENERATE_SWIFT_ASSET_SYMBOL_EXTENSIONS = YES;
				CLANG_ANALYZER_NONNULL = YES;
				CLANG_ANALYZER_NUMBER_OBJECT_CONVERSION = YES_AGGRESSIVE;
				CLANG_CXX_LANGUAGE_STANDARD = "gnu++20";
				CLANG_ENABLE_MODULES = YES;
				CLANG_ENABLE_OBJC_ARC = YES;
				CLANG_ENABLE_OBJC_WEAK = YES;
				CLANG_WARN_BLOCK_CAPTURE_AUTORELEASING = YES;
				CLANG_WARN_BOOL_CONVERSION = YES;
				CLANG_WARN_COMMA = YES;
				CLANG_WARN_CONSTANT_CONVERSION = YES;
				CLANG_WARN_DEPRECATED_OBJC_IMPLEMENTATIONS = YES;
				CLANG_WARN_DIRECT_OBJC_ISA_USAGE = YES_ERROR;
				CLANG_WARN_DOCUMENTATION_COMMENTS = YES;
				CLANG_WARN_EMPTY_BODY = YES;
				CLANG_WARN_ENUM_CONVERSION = YES;
				CLANG_WARN_INFINITE_RECURSION = YES;
				CLANG_WARN_INT_CONVERSION = YES;
				CLANG_WARN_NON_LITERAL_NULL_CONVERSION = YES;
				CLANG_WARN_OBJC_IMPLICIT_RETAIN_SELF = YES;
				CLANG_WARN_OBJC_LITERAL_CONVERSION = YES;
				CLANG_WARN_OBJC_ROOT_CLASS = YES_ERROR;
				CLANG_WARN_QUOTED_INCLUDE_IN_FRAMEWORK_HEADER = YES;
				CLANG_WARN_RANGE_LOOP_ANALYSIS = YES;
				CLANG_WARN_STRICT_PROTOTYPES = YES;
				CLANG_WARN_SUSPICIOUS_MOVE = YES;
				CLANG_WARN_UNGUARDED_AVAILABILITY = YES_AGGRESSIVE;
				CLANG_WARN_UNREACHABLE_CODE = YES;
				CLANG_WARN__DUPLICATE_METHOD_MATCH = YES;
				COPY_PHASE_STRIP = NO;
				DEBUG_INFORMATION_FORMAT = "dwarf-with-dsym";
				ENABLE_NS_ASSERTIONS = NO;
				ENABLE_STRICT_OBJC_MSGSEND = YES;
				ENABLE_USER_SCRIPT_SANDBOXING = YES;
				GCC_C_LANGUAGE_STANDARD = gnu17;
				GCC_NO_COMMON_BLOCKS = YES;
				GCC_WARN_64_TO_32_BIT_CONVERSION = YES;
				GCC_WARN_ABOUT_RETURN_TYPE = YES_ERROR;
				GCC_WARN_UNDECLARED_SELECTOR = YES;
				GCC_WARN_UNINITIALIZED_AUTOS = YES_AGGRESSIVE;
				GCC_WARN_UNUSED_FUNCTION = YES;
				GCC_WARN_UNUSED_VARIABLE = YES;
				IPHONEOS_DEPLOYMENT_TARGET = 17.0;
				LOCALIZATION_PREFERS_STRING_CATALOGS = YES;
				MTL_ENABLE_DEBUG_INFO = NO;
				MTL_FAST_MATH = YES;
				SDKROOT = iphoneos;
				SWIFT_COMPILATION_MODE = wholemodule;
				VALIDATE_PRODUCT = YES;
			};
			name = Release;
		};
		F5AF21862AEC4AC3005D7B91 /* Debug */ = {
			isa = XCBuildConfiguration;
			buildSettings = {
				ASSETCATALOG_COMPILER_APPICON_NAME = AppIcon;
				ASSETCATALOG_COMPILER_GLOBAL_ACCENT_COLOR_NAME = AccentColor;
				CODE_SIGN_STYLE = Automatic;
				CURRENT_PROJECT_VERSION = 1;
				DEVELOPMENT_TEAM = LATFQ2CT64;
				GENERATE_INFOPLIST_FILE = YES;
				INFOPLIST_FILE = tmbd/Info.plist;
				INFOPLIST_KEY_UIApplicationSupportsIndirectInputEvents = YES;
				INFOPLIST_KEY_UILaunchStoryboardName = LaunchScreen;
				INFOPLIST_KEY_UIMainStoryboardFile = Movies;
				INFOPLIST_KEY_UISupportedInterfaceOrientations_iPad = "UIInterfaceOrientationPortrait UIInterfaceOrientationPortraitUpsideDown UIInterfaceOrientationLandscapeLeft UIInterfaceOrientationLandscapeRight";
				INFOPLIST_KEY_UISupportedInterfaceOrientations_iPhone = "UIInterfaceOrientationPortrait UIInterfaceOrientationLandscapeLeft UIInterfaceOrientationLandscapeRight";
				LD_RUNPATH_SEARCH_PATHS = (
					"$(inherited)",
					"@executable_path/Frameworks",
				);
				MARKETING_VERSION = 1.0;
				PRODUCT_BUNDLE_IDENTIFIER = com.tarek.tmbd;
				PRODUCT_NAME = "$(TARGET_NAME)";
				SWIFT_EMIT_LOC_STRINGS = YES;
				SWIFT_VERSION = 5.0;
				TARGETED_DEVICE_FAMILY = "1,2";
			};
			name = Debug;
		};
		F5AF21872AEC4AC3005D7B91 /* Release */ = {
			isa = XCBuildConfiguration;
			buildSettings = {
				ASSETCATALOG_COMPILER_APPICON_NAME = AppIcon;
				ASSETCATALOG_COMPILER_GLOBAL_ACCENT_COLOR_NAME = AccentColor;
				CODE_SIGN_STYLE = Automatic;
				CURRENT_PROJECT_VERSION = 1;
				DEVELOPMENT_TEAM = LATFQ2CT64;
				GENERATE_INFOPLIST_FILE = YES;
				INFOPLIST_FILE = tmbd/Info.plist;
				INFOPLIST_KEY_UIApplicationSupportsIndirectInputEvents = YES;
				INFOPLIST_KEY_UILaunchStoryboardName = LaunchScreen;
				INFOPLIST_KEY_UIMainStoryboardFile = Movies;
				INFOPLIST_KEY_UISupportedInterfaceOrientations_iPad = "UIInterfaceOrientationPortrait UIInterfaceOrientationPortraitUpsideDown UIInterfaceOrientationLandscapeLeft UIInterfaceOrientationLandscapeRight";
				INFOPLIST_KEY_UISupportedInterfaceOrientations_iPhone = "UIInterfaceOrientationPortrait UIInterfaceOrientationLandscapeLeft UIInterfaceOrientationLandscapeRight";
				LD_RUNPATH_SEARCH_PATHS = (
					"$(inherited)",
					"@executable_path/Frameworks",
				);
				MARKETING_VERSION = 1.0;
				PRODUCT_BUNDLE_IDENTIFIER = com.tarek.tmbd;
				PRODUCT_NAME = "$(TARGET_NAME)";
				SWIFT_EMIT_LOC_STRINGS = YES;
				SWIFT_VERSION = 5.0;
				TARGETED_DEVICE_FAMILY = "1,2";
			};
			name = Release;
		};
		F5AF21892AEC4AC3005D7B91 /* Debug */ = {
			isa = XCBuildConfiguration;
			buildSettings = {
				ALWAYS_EMBED_SWIFT_STANDARD_LIBRARIES = YES;
				BUNDLE_LOADER = "$(TEST_HOST)";
				CODE_SIGN_STYLE = Automatic;
				CURRENT_PROJECT_VERSION = 1;
				DEVELOPMENT_TEAM = LATFQ2CT64;
				GENERATE_INFOPLIST_FILE = YES;
				IPHONEOS_DEPLOYMENT_TARGET = 17.0;
				MARKETING_VERSION = 1.0;
				PRODUCT_BUNDLE_IDENTIFIER = com.tarek.tmbdTests;
				PRODUCT_NAME = "$(TARGET_NAME)";
				SWIFT_EMIT_LOC_STRINGS = NO;
				SWIFT_VERSION = 5.0;
				TARGETED_DEVICE_FAMILY = "1,2";
				TEST_HOST = "$(BUILT_PRODUCTS_DIR)/tmbd.app/$(BUNDLE_EXECUTABLE_FOLDER_PATH)/tmbd";
			};
			name = Debug;
		};
		F5AF218A2AEC4AC3005D7B91 /* Release */ = {
			isa = XCBuildConfiguration;
			buildSettings = {
				ALWAYS_EMBED_SWIFT_STANDARD_LIBRARIES = YES;
				BUNDLE_LOADER = "$(TEST_HOST)";
				CODE_SIGN_STYLE = Automatic;
				CURRENT_PROJECT_VERSION = 1;
				DEVELOPMENT_TEAM = LATFQ2CT64;
				GENERATE_INFOPLIST_FILE = YES;
				IPHONEOS_DEPLOYMENT_TARGET = 17.0;
				MARKETING_VERSION = 1.0;
				PRODUCT_BUNDLE_IDENTIFIER = com.tarek.tmbdTests;
				PRODUCT_NAME = "$(TARGET_NAME)";
				SWIFT_EMIT_LOC_STRINGS = NO;
				SWIFT_VERSION = 5.0;
				TARGETED_DEVICE_FAMILY = "1,2";
				TEST_HOST = "$(BUILT_PRODUCTS_DIR)/tmbd.app/$(BUNDLE_EXECUTABLE_FOLDER_PATH)/tmbd";
			};
			name = Release;
		};
		F5AF218C2AEC4AC3005D7B91 /* Debug */ = {
			isa = XCBuildConfiguration;
			buildSettings = {
				ALWAYS_EMBED_SWIFT_STANDARD_LIBRARIES = YES;
				CODE_SIGN_STYLE = Automatic;
				CURRENT_PROJECT_VERSION = 1;
				DEVELOPMENT_TEAM = LATFQ2CT64;
				GENERATE_INFOPLIST_FILE = YES;
				MARKETING_VERSION = 1.0;
				PRODUCT_BUNDLE_IDENTIFIER = com.tarek.tmbdUITests;
				PRODUCT_NAME = "$(TARGET_NAME)";
				SWIFT_EMIT_LOC_STRINGS = NO;
				SWIFT_VERSION = 5.0;
				TARGETED_DEVICE_FAMILY = "1,2";
				TEST_TARGET_NAME = tmbd;
			};
			name = Debug;
		};
		F5AF218D2AEC4AC3005D7B91 /* Release */ = {
			isa = XCBuildConfiguration;
			buildSettings = {
				ALWAYS_EMBED_SWIFT_STANDARD_LIBRARIES = YES;
				CODE_SIGN_STYLE = Automatic;
				CURRENT_PROJECT_VERSION = 1;
				DEVELOPMENT_TEAM = LATFQ2CT64;
				GENERATE_INFOPLIST_FILE = YES;
				MARKETING_VERSION = 1.0;
				PRODUCT_BUNDLE_IDENTIFIER = com.tarek.tmbdUITests;
				PRODUCT_NAME = "$(TARGET_NAME)";
				SWIFT_EMIT_LOC_STRINGS = NO;
				SWIFT_VERSION = 5.0;
				TARGETED_DEVICE_FAMILY = "1,2";
				TEST_TARGET_NAME = tmbd;
			};
			name = Release;
		};
/* End XCBuildConfiguration section */

/* Begin XCConfigurationList section */
		F5AF21562AEC4ABA005D7B91 /* Build configuration list for PBXProject "tmbd" */ = {
			isa = XCConfigurationList;
			buildConfigurations = (
				F5AF21832AEC4AC3005D7B91 /* Debug */,
				F5AF21842AEC4AC3005D7B91 /* Release */,
			);
			defaultConfigurationIsVisible = 0;
			defaultConfigurationName = Release;
		};
		F5AF21852AEC4AC3005D7B91 /* Build configuration list for PBXNativeTarget "tmbd" */ = {
			isa = XCConfigurationList;
			buildConfigurations = (
				F5AF21862AEC4AC3005D7B91 /* Debug */,
				F5AF21872AEC4AC3005D7B91 /* Release */,
			);
			defaultConfigurationIsVisible = 0;
			defaultConfigurationName = Release;
		};
		F5AF21882AEC4AC3005D7B91 /* Build configuration list for PBXNativeTarget "tmbdTests" */ = {
			isa = XCConfigurationList;
			buildConfigurations = (
				F5AF21892AEC4AC3005D7B91 /* Debug */,
				F5AF218A2AEC4AC3005D7B91 /* Release */,
			);
			defaultConfigurationIsVisible = 0;
			defaultConfigurationName = Release;
		};
		F5AF218B2AEC4AC3005D7B91 /* Build configuration list for PBXNativeTarget "tmbdUITests" */ = {
			isa = XCConfigurationList;
			buildConfigurations = (
				F5AF218C2AEC4AC3005D7B91 /* Debug */,
				F5AF218D2AEC4AC3005D7B91 /* Release */,
			);
			defaultConfigurationIsVisible = 0;
			defaultConfigurationName = Release;
		};
/* End XCConfigurationList section */

/* Begin XCRemoteSwiftPackageReference section */
		F5AF218E2AEC7C0F005D7B91 /* XCRemoteSwiftPackageReference "RxSwift" */ = {
			isa = XCRemoteSwiftPackageReference;
			repositoryURL = "https://github.com/ReactiveX/RxSwift";
			requirement = {
				kind = upToNextMajorVersion;
				minimumVersion = 6.6.0;
			};
		};
		F5AF21952AEC7C32005D7B91 /* XCRemoteSwiftPackageReference "SkeletonView" */ = {
			isa = XCRemoteSwiftPackageReference;
			repositoryURL = "https://github.com/Juanpe/SkeletonView";
			requirement = {
				kind = upToNextMajorVersion;
				minimumVersion = 1.30.4;
			};
		};
		F5AF21982AEC7C69005D7B91 /* XCRemoteSwiftPackageReference "Kingfisher" */ = {
			isa = XCRemoteSwiftPackageReference;
			repositoryURL = "https://github.com/onevcat/Kingfisher";
			requirement = {
				kind = upToNextMajorVersion;
				minimumVersion = 7.9.1;
			};
		};
		F5AF21B42AECE24E005D7B91 /* XCRemoteSwiftPackageReference "Moya" */ = {
			isa = XCRemoteSwiftPackageReference;
			repositoryURL = "https://github.com/Moya/Moya";
			requirement = {
				kind = upToNextMajorVersion;
				minimumVersion = 15.0.3;
			};
		};
		F5AF21C72AECEE27005D7B91 /* XCRemoteSwiftPackageReference "Resolver" */ = {
			isa = XCRemoteSwiftPackageReference;
			repositoryURL = "https://github.com/hmlongco/Resolver";
			requirement = {
				kind = upToNextMajorVersion;
				minimumVersion = 1.5.0;
			};
		};
		F5AF21F02AED3BB5005D7B91 /* XCRemoteSwiftPackageReference "IQKeyboardManager" */ = {
			isa = XCRemoteSwiftPackageReference;
			repositoryURL = "https://github.com/hackiftekhar/IQKeyboardManager.git";
			requirement = {
				kind = upToNextMajorVersion;
				minimumVersion = 6.5.16;
			};
		};
/* End XCRemoteSwiftPackageReference section */

/* Begin XCSwiftPackageProductDependency section */
		F5AF218F2AEC7C0F005D7B91 /* RxCocoa */ = {
			isa = XCSwiftPackageProductDependency;
			package = F5AF218E2AEC7C0F005D7B91 /* XCRemoteSwiftPackageReference "RxSwift" */;
			productName = RxCocoa;
		};
		F5AF21912AEC7C0F005D7B91 /* RxRelay */ = {
			isa = XCSwiftPackageProductDependency;
			package = F5AF218E2AEC7C0F005D7B91 /* XCRemoteSwiftPackageReference "RxSwift" */;
			productName = RxRelay;
		};
		F5AF21932AEC7C0F005D7B91 /* RxSwift */ = {
			isa = XCSwiftPackageProductDependency;
			package = F5AF218E2AEC7C0F005D7B91 /* XCRemoteSwiftPackageReference "RxSwift" */;
			productName = RxSwift;
		};
		F5AF21962AEC7C32005D7B91 /* SkeletonView */ = {
			isa = XCSwiftPackageProductDependency;
			package = F5AF21952AEC7C32005D7B91 /* XCRemoteSwiftPackageReference "SkeletonView" */;
			productName = SkeletonView;
		};
		F5AF21992AEC7C69005D7B91 /* Kingfisher */ = {
			isa = XCSwiftPackageProductDependency;
			package = F5AF21982AEC7C69005D7B91 /* XCRemoteSwiftPackageReference "Kingfisher" */;
			productName = Kingfisher;
		};
		F5AF21B52AECE24E005D7B91 /* Moya */ = {
			isa = XCSwiftPackageProductDependency;
			package = F5AF21B42AECE24E005D7B91 /* XCRemoteSwiftPackageReference "Moya" */;
			productName = Moya;
		};
		F5AF21B72AECE24E005D7B91 /* ReactiveMoya */ = {
			isa = XCSwiftPackageProductDependency;
			package = F5AF21B42AECE24E005D7B91 /* XCRemoteSwiftPackageReference "Moya" */;
			productName = ReactiveMoya;
		};
		F5AF21B92AECE24E005D7B91 /* RxMoya */ = {
			isa = XCSwiftPackageProductDependency;
			package = F5AF21B42AECE24E005D7B91 /* XCRemoteSwiftPackageReference "Moya" */;
			productName = RxMoya;
		};
		F5AF21C82AECEE27005D7B91 /* Resolver */ = {
			isa = XCSwiftPackageProductDependency;
			package = F5AF21C72AECEE27005D7B91 /* XCRemoteSwiftPackageReference "Resolver" */;
			productName = Resolver;
		};
		F5AF21CA2AECEE27005D7B91 /* Resolver-Dynamic */ = {
			isa = XCSwiftPackageProductDependency;
			package = F5AF21C72AECEE27005D7B91 /* XCRemoteSwiftPackageReference "Resolver" */;
			productName = "Resolver-Dynamic";
		};
		F5AF21CC2AECEE27005D7B91 /* Resolver-Static */ = {
			isa = XCSwiftPackageProductDependency;
			package = F5AF21C72AECEE27005D7B91 /* XCRemoteSwiftPackageReference "Resolver" */;
			productName = "Resolver-Static";
		};
		F5AF21F12AED3BB5005D7B91 /* IQKeyboardManagerSwift */ = {
			isa = XCSwiftPackageProductDependency;
			package = F5AF21F02AED3BB5005D7B91 /* XCRemoteSwiftPackageReference "IQKeyboardManager" */;
			productName = IQKeyboardManagerSwift;
		};
/* End XCSwiftPackageProductDependency section */
	};
	rootObject = F5AF21532AEC4ABA005D7B91 /* Project object */;
}
